
Microsoft Visual Studio Solution File, Format Version 12.00
Project("{F2A71F9B-5D33-465A-A702-920D77279786}") = "FSharpLib", "FSharpLib\FSharpLib.fsproj", "{794E6011-402E-4FAF-9192-71317367F092}"
EndProject
Project("{FAE04EC0-301F-11D3-BF4B-00C04F79EFBC}") = "CSharpLib", "CSharpLib\CSharpLib.csproj", "{13612C75-372D-4117-9F7A-F699FD6F9763}"
EndProject
Global
	GlobalSection(SolutionConfigurationPlatforms) = preSolution
		Debug|Any CPU = Debug|Any CPU
		Release|Any CPU = Release|Any CPU
	EndGlobalSection
	GlobalSection(ProjectConfigurationPlatforms) = postSolution
		{794E6011-402E-4FAF-9192-71317367F092}.Debug|Any CPU.ActiveCfg = Debug|Any CPU
		{794E6011-402E-4FAF-9192-71317367F092}.Debug|Any CPU.Build.0 = Debug|Any CPU
		{794E6011-402E-4FAF-9192-71317367F092}.Release|Any CPU.ActiveCfg = Release|Any CPU
		{794E6011-402E-4FAF-9192-71317367F092}.Release|Any CPU.Build.0 = Release|Any CPU
		{13612C75-372D-4117-9F7A-F699FD6F9763}.Debug|Any CPU.ActiveCfg = Debug|Any CPU
		{13612C75-372D-4117-9F7A-F699FD6F9763}.Debug|Any CPU.Build.0 = Debug|Any CPU
		{13612C75-372D-4117-9F7A-F699FD6F9763}.Release|Any CPU.ActiveCfg = Release|Any CPU
		{13612C75-372D-4117-9F7A-F699FD6F9763}.Release|Any CPU.Build.0 = Release|Any CPU
	EndGlobalSection
EndGlobal
